
Microsoft Visual Studio Solution File, Format Version 12.00
# Visual Studio Version 16
VisualStudioVersion = 16.0.29519.87
MinimumVisualStudioVersion = 10.0.40219.1
Project("{FAE04EC0-301F-11D3-BF4B-00C04F79EFBC}") = "Lab_15_LINQ", "Lab_15_LINQ\Lab_15_LINQ.csproj", "{EB667CB0-4C6C-432F-BA60-79854B6BB258}"
EndProject
Global
	GlobalSection(SolutionConfigurationPlatforms) = preSolution
		Debug|Any CPU = Debug|Any CPU
		Release|Any CPU = Release|Any CPU
	EndGlobalSection
	GlobalSection(ProjectConfigurationPlatforms) = postSolution
		{EB667CB0-4C6C-432F-BA60-79854B6BB258}.Debug|Any CPU.ActiveCfg = Debug|Any CPU
		{EB667CB0-4C6C-432F-BA60-79854B6BB258}.Debug|Any CPU.Build.0 = Debug|Any CPU
		{EB667CB0-4C6C-432F-BA60-79854B6BB258}.Release|Any CPU.ActiveCfg = Release|Any CPU
		{EB667CB0-4C6C-432F-BA60-79854B6BB258}.Release|Any CPU.Build.0 = Release|Any CPU
	EndGlobalSection
	GlobalSection(SolutionProperties) = preSolution
		HideSolutionNode = FALSE
	EndGlobalSection
	GlobalSection(ExtensibilityGlobals) = postSolution
		SolutionGuid = {B7137F99-F289-466E-BC5A-EA124B1F50FE}
	EndGlobalSection
EndGlobal
